// !$*UTF8*$!
{
	archiveVersion = 1;
	classes = {
	};
	objectVersion = 110;
	objects = {

/* Begin PBXContainerItemProxy section */
		133BA742306227A800723AD4 /* PBXContainerItemProxy */ = {
			isa = PBXContainerItemProxy;
			containerPortal = 133BA72C306227A700723AD4 /* Project object */;
			proxyType = 1;
			remoteGlobalIDString = 133BA733306227A700723AD4;
			remoteInfo = financialApp;
		};
		133BA74C306227A800723AD4 /* PBXContainerItemProxy */ = {
			isa = PBXContainerItemProxy;
			containerPortal = 133BA72C306227A700723AD4 /* Project object */;
			proxyType = 1;
			remoteGlobalIDString = 133BA733306227A700723AD4;
			remoteInfo = financialApp;
		};
/* End PBXContainerItemProxy section */

/* Begin PBXFileReference section */
		133BA734306227A700723AD4 /* financialApp.app */ = {isa = PBXFileReference; explicitFileType = wrapper.application; includeInIndex = 0; path = financialApp.app; sourceTree = BUILT_PRODUCTS_DIR; };
		133BA741306227A800723AD4 /* financialAppTests.xctest */ = {isa = PBXFileReference; explicitFileType = wrapper.cfbundle; includeInIndex = 0; path = financialAppTests.xctest; sourceTree = BUILT_PRODUCTS_DIR; };
		133BA74B306227A800723AD4 /* financialAppUITests.xctest */ = {isa = PBXFileReference; explicitFileType = wrapper.cfbundle; includeInIndex = 0; path = financialAppUITests.xctest; sourceTree = BUILT_PRODUCTS_DIR; };
/* End PBXFileReference section */

/* Begin PBXFileSystemSynchronizedRootGroup section */
		133BA736306227A700723AD4 /* financialApp */ = {
			isa = PBXFileSystemSynchronizedRootGroup;
			path = financialApp;
			sourceTree = "<group>";
		};
		133BA744306227A800723AD4 /* financialAppTests */ = {
			isa = PBXFileSystemSynchronizedRootGroup;
			path = financialAppTests;
			sourceTree = "<group>";
		};
		133BA74E306227A800723AD4 /* financialAppUITests */ = {
			isa = PBXFileSystemSynchronizedRootGroup;
			path = financialAppUITests;
			sourceTree = "<group>";
		};
/* End PBXFileSystemSynchronizedRootGroup section */

/* Begin PBXFrameworksBuildPhase section */
		133BA731306227A700723AD4 /* Frameworks */ = {
			isa = PBXFrameworksBuildPhase;
			files = (
			);
		};
		133BA73E306227A800723AD4 /* Frameworks */ = {
			isa = PBXFrameworksBuildPhase;
			files = (
			);
		};
		133BA748306227A800723AD4 /* Frameworks */ = {
			isa = PBXFrameworksBuildPhase;
			files = (
			);
		};
/* End PBXFrameworksBuildPhase section */

/* Begin PBXGroup section */
		133BA72B306227A700723AD4 = {
			isa = PBXGroup;
			children = (
				133BA736306227A700723AD4 /* financialApp */,
				133BA744306227A800723AD4 /* financialAppTests */,
				133BA74E306227A800723AD4 /* financialAppUITests */,
				133BA735306227A700723AD4 /* Products */,
			);
			sourceTree = "<group>";
		};
		133BA735306227A700723AD4 /* Products */ = {
			isa = PBXGroup;
			children = (
				133BA734306227A700723AD4 /* financialApp.app */,
				133BA741306227A800723AD4 /* financialAppTests.xctest */,
				133BA74B306227A800723AD4 /* financialAppUITests.xctest */,
			);
			name = Products;
			sourceTree = "<group>";
		};
/* End PBXGroup section */

/* Begin PBXNativeTarget section */
		133BA733306227A700723AD4 /* financialApp */ = {
			isa = PBXNativeTarget;
			buildConfigurationList = 133BA753306227A800723AD4 /* Build configuration list for PBXNativeTarget "financialApp" */;
			buildPhases = (
				133BA730306227A700723AD4 /* Sources */,
				133BA731306227A700723AD4 /* Frameworks */,
				133BA732306227A700723AD4 /* Resources */,
			);
			buildRules = (
			);
			fileSystemSynchronizedGroups = (
				133BA736306227A700723AD4 /* financialApp */,
			);
			name = financialApp;
			productName = financialApp;
			productReference = 133BA734306227A700723AD4 /* financialApp.app */;
			productType = "com.apple.product-type.application";
		};
		133BA740306227A800723AD4 /* financialAppTests */ = {
			isa = PBXNativeTarget;
			buildConfigurationList = 133BA756306227A800723AD4 /* Build configuration list for PBXNativeTarget "financialAppTests" */;
			buildPhases = (
				133BA73D306227A800723AD4 /* Sources */,
				133BA73E306227A800723AD4 /* Frameworks */,
				133BA73F306227A800723AD4 /* Resources */,
			);
			buildRules = (
			);
			dependencies = (
				133BA743306227A800723AD4 /* PBXTargetDependency */,
			);
			fileSystemSynchronizedGroups = (
				133BA744306227A800723AD4 /* financialAppTests */,
			);
			name = financialAppTests;
			productName = financialAppTests;
			productReference = 133BA741306227A800723AD4 /* financialAppTests.xctest */;
			productType = "com.apple.product-type.bundle.unit-test";
		};
		133BA74A306227A800723AD4 /* financialAppUITests */ = {
			isa = PBXNativeTarget;
			buildConfigurationList = 133BA759306227A800723AD4 /* Build configuration list for PBXNativeTarget "financialAppUITests" */;
			buildPhases = (
				133BA747306227A800723AD4 /* Sources */,
				133BA748306227A800723AD4 /* Frameworks */,
				133BA749306227A800723AD4 /* Resources */,
			);
			buildRules = (
			);
			dependencies = (
				133BA74D306227A800723AD4 /* PBXTargetDependency */,
			);
			fileSystemSynchronizedGroups = (
				133BA74E306227A800723AD4 /* financialAppUITests */,
			);
			name = financialAppUITests;
			productName = financialAppUITests;
			productReference = 133BA74B306227A800723AD4 /* financialAppUITests.xctest */;
			productType = "com.apple.product-type.bundle.ui-testing";
		};
/* End PBXNativeTarget section */

/* Begin PBXProject section */
		133BA72C306227A700723AD4 /* Project object */ = {
			isa = PBXProject;
			attributes = {
				BuildIndependentTargetsInParallel = 1;
				LastSwiftUpdateCheck = 2700;
				LastUpgradeCheck = 2700;
				TargetAttributes = {
					133BA733306227A700723AD4 = {
						CreatedOnToolsVersion = 27.0;
					};
					133BA740306227A800723AD4 = {
						CreatedOnToolsVersion = 27.0;
						TestTargetID = 133BA733306227A700723AD4;
					};
					133BA74A306227A800723AD4 = {
						CreatedOnToolsVersion = 27.0;
						TestTargetID = 133BA733306227A700723AD4;
					};
				};
			};
			buildConfigurationList = 133BA72F306227A700723AD4 /* Build configuration list for PBXProject "financialApp" */;
			developmentRegion = en;
			hasScannedForEncodings = 0;
			knownRegions = (
				en,
				Base,
			);
			mainGroup = 133BA72B306227A700723AD4;
			minimizedProjectReferenceProxies = 1;
			preferredProjectObjectVersion = 77;
			productRefGroup = 133BA735306227A700723AD4 /* Products */;
			projectDirPath = "";
			projectRoot = "";
			targets = (
				133BA733306227A700723AD4 /* financialApp */,
				133BA740306227A800723AD4 /* financialAppTests */,
				133BA74A306227A800723AD4 /* financialAppUITests */,
			);
		};
/* End PBXProject section */

/* Begin PBXResourcesBuildPhase section */
		133BA732306227A700723AD4 /* Resources */ = {
			isa = PBXResourcesBuildPhase;
			files = (
			);
		};
		133BA73F306227A800723AD4 /* Resources */ = {
			isa = PBXResourcesBuildPhase;
			files = (
			);
		};
		133BA749306227A800723AD4 /* Resources */ = {
			isa = PBXResourcesBuildPhase;
			files = (
			);
		};
/* End PBXResourcesBuildPhase section */

/* Begin PBXSourcesBuildPhase section */
		133BA730306227A700723AD4 /* Sources */ = {
			isa = PBXSourcesBuildPhase;
			files = (
			);
		};
		133BA73D306227A800723AD4 /* Sources */ = {
			isa = PBXSourcesBuildPhase;
			files = (
			);
		};
		133BA747306227A800723AD4 /* Sources */ = {
			isa = PBXSourcesBuildPhase;
			files = (
			);
		};
/* End PBXSourcesBuildPhase section */

/* Begin PBXTargetDependency section */
		133BA743306227A800723AD4 /* PBXTargetDependency */ = {
			isa = PBXTargetDependency;
			target = 133BA733306227A700723AD4 /* financialApp */;
			targetProxy = 133BA742306227A800723AD4 /* PBXContainerItemProxy */;
		};
		133BA74D306227A800723AD4 /* PBXTargetDependency */ = {
			isa = PBXTargetDependency;
			target = 133BA733306227A700723AD4 /* financialApp */;
			targetProxy = 133BA74C306227A800723AD4 /* PBXContainerItemProxy */;
		};
/* End PBXTargetDependency section */

/* Begin XCBuildConfiguration section */
		133BA751306227A800723AD4 /* Debug configuration for PBXProject "financialApp" */ = {
			isa = XCBuildConfiguration;
			buildSettings = {
				ALWAYS_SEARCH_USER_PATHS = NO;
				ASSETCATALOG_COMPILER_GENERATE_SWIFT_ASSET_SYMBOL_EXTENSIONS = YES;
				CLANG_ANALYZER_NONNULL = YES;
				CLANG_ANALYZER_NUMBER_OBJECT_CONVERSION = YES_AGGRESSIVE;
				CLANG_CXX_LANGUAGE_STANDARD = "gnu++20";
				CLANG_ENABLE_MODULES = YES;
				CLANG_ENABLE_OBJC_ARC = YES;
				CLANG_ENABLE_OBJC_WEAK = YES;
				CLANG_WARN_BLOCK_CAPTURE_AUTORELEASING = YES;
				CLANG_WARN_BOOL_CONVERSION = YES;
				CLANG_WARN_COMMA = YES;
				CLANG_WARN_CONSTANT_CONVERSION = YES;
				CLANG_WARN_DEPRECATED_OBJC_IMPLEMENTATIONS = YES;
				CLANG_WARN_DIRECT_OBJC_ISA_USAGE = YES_ERROR;
				CLANG_WARN_DOCUMENTATION_COMMENTS = YES;
				CLANG_WARN_EMPTY_BODY = YES;
				CLANG_WARN_ENUM_CONVERSION = YES;
				CLANG_WARN_INFINITE_RECURSION = YES;
				CLANG_WARN_INT_CONVERSION = YES;
				CLANG_WARN_NON_LITERAL_NULL_CONVERSION = YES;
				CLANG_WARN_OBJC_IMPLICIT_RETAIN_SELF = YES;
				CLANG_WARN_OBJC_LITERAL_CONVERSION = YES;
				CLANG_WARN_OBJC_ROOT_CLASS = YES_ERROR;
				CLANG_WARN_QUOTED_INCLUDE_IN_FRAMEWORK_HEADER = YES;
				CLANG_WARN_RANGE_LOOP_ANALYSIS = YES;
				CLANG_WARN_STRICT_PROTOTYPES = YES;
				CLANG_WARN_SUSPICIOUS_MOVE = YES;
				CLANG_WARN_UNGUARDED_AVAILABILITY = YES_AGGRESSIVE;
				CLANG_WARN_UNREACHABLE_CODE = YES;
				CLANG_WARN__DUPLICATE_METHOD_MATCH = YES;
				COPY_PHASE_STRIP = NO;
				DEBUG_INFORMATION_FORMAT = dwarf;
				DEVELOPMENT_TEAM = 8KGUUJJ7BN;
				ENABLE_STRICT_OBJC_MSGSEND = YES;
				ENABLE_TESTABILITY = YES;
				ENABLE_USER_SCRIPT_SANDBOXING = YES;
				GCC_C_LANGUAGE_STANDARD = gnu17;
				GCC_DYNAMIC_NO_PIC = NO;
				GCC_NO_COMMON_BLOCKS = YES;
				GCC_OPTIMIZATION_LEVEL = 0;
				GCC_PREPROCESSOR_DEFINITIONS = (
					"DEBUG=1",
					"$(inherited)",
				);
				GCC_WARN_64_TO_32_BIT_CONVERSION = YES;
				GCC_WARN_ABOUT_RETURN_TYPE = YES_ERROR;
				GCC_WARN_UNDECLARED_SELECTOR = YES;
				GCC_WARN_UNINITIALIZED_AUTOS = YES_AGGRESSIVE;
				GCC_WARN_UNUSED_FUNCTION = YES;
				GCC_WARN_UNUSED_VARIABLE = YES;
				IPHONEOS_DEPLOYMENT_TARGET = 27.0;
				LOCALIZATION_PREFERS_STRING_CATALOGS = YES;
				MTL_ENABLE_DEBUG_INFO = INCLUDE_SOURCE;
				MTL_FAST_MATH = YES;
				ONLY_ACTIVE_ARCH = YES;
				SDKROOT = iphoneos;
				SWIFT_ACTIVE_COMPILATION_CONDITIONS = "DEBUG $(inherited)";
				SWIFT_OPTIMIZATION_LEVEL = "-Onone";
			};
			name = Debug;
		};
		133BA752306227A800723AD4 /* Release configuration for PBXProject "financialApp" */ = {
			isa = XCBuildConfiguration;
			buildSettings = {
				ALWAYS_SEARCH_USER_PATHS = NO;
				ASSETCATALOG_COMPILER_GENERATE_SWIFT_ASSET_SYMBOL_EXTENSIONS = YES;
				CLANG_ANALYZER_NONNULL = YES;
				CLANG_ANALYZER_NUMBER_OBJECT_CONVERSION = YES_AGGRESSIVE;
				CLANG_CXX_LANGUAGE_STANDARD = "gnu++20";
				CLANG_ENABLE_MODULES = YES;
				CLANG_ENABLE_OBJC_ARC = YES;
				CLANG_ENABLE_OBJC_WEAK = YES;
				CLANG_WARN_BLOCK_CAPTURE_AUTORELEASING = YES;
				CLANG_WARN_BOOL_CONVERSION = YES;
				CLANG_WARN_COMMA = YES;
				CLANG_WARN_CONSTANT_CONVERSION = YES;
				CLANG_WARN_DEPRECATED_OBJC_IMPLEMENTATIONS = YES;
				CLANG_WARN_DIRECT_OBJC_ISA_USAGE = YES_ERROR;
				CLANG_WARN_DOCUMENTATION_COMMENTS = YES;
				CLANG_WARN_EMPTY_BODY = YES;
				CLANG_WARN_ENUM_CONVERSION = YES;
				CLANG_WARN_INFINITE_RECURSION = YES;
				CLANG_WARN_INT_CONVERSION = YES;
				CLANG_WARN_NON_LITERAL_NULL_CONVERSION = YES;
				CLANG_WARN_OBJC_IMPLICIT_RETAIN_SELF = YES;
				CLANG_WARN_OBJC_LITERAL_CONVERSION = YES;
				CLANG_WARN_OBJC_ROOT_CLASS = YES_ERROR;
				CLANG_WARN_QUOTED_INCLUDE_IN_FRAMEWORK_HEADER = YES;
				CLANG_WARN_RANGE_LOOP_ANALYSIS = YES;
				CLANG_WARN_STRICT_PROTOTYPES = YES;
				CLANG_WARN_SUSPICIOUS_MOVE = YES;
				CLANG_WARN_UNGUARDED_AVAILABILITY = YES_AGGRESSIVE;
				CLANG_WARN_UNREACHABLE_CODE = YES;
				CLANG_WARN__DUPLICATE_METHOD_MATCH = YES;
				COPY_PHASE_STRIP = NO;
				DEBUG_INFORMATION_FORMAT = "dwarf-with-dsym";
				DEVELOPMENT_TEAM = 8KGUUJJ7BN;
				ENABLE_NS_ASSERTIONS = NO;
				ENABLE_STRICT_OBJC_MSGSEND = YES;
				ENABLE_USER_SCRIPT_SANDBOXING = YES;
				GCC_C_LANGUAGE_STANDARD = gnu17;
				GCC_NO_COMMON_BLOCKS = YES;
				GCC_WARN_64_TO_32_BIT_CONVERSION = YES;
				GCC_WARN_ABOUT_RETURN_TYPE = YES_ERROR;
				GCC_WARN_UNDECLARED_SELECTOR = YES;
				GCC_WARN_UNINITIALIZED_AUTOS = YES_AGGRESSIVE;
				GCC_WARN_UNUSED_FUNCTION = YES;
				GCC_WARN_UNUSED_VARIABLE = YES;
				IPHONEOS_DEPLOYMENT_TARGET = 27.0;
				LOCALIZATION_PREFERS_STRING_CATALOGS = YES;
				MTL_ENABLE_DEBUG_INFO = NO;
				MTL_FAST_MATH = YES;
				SDKROOT = iphoneos;
				SWIFT_COMPILATION_MODE = wholemodule;
				VALIDATE_PRODUCT = YES;
			};
			name = Release;
		};
		133BA754306227A800723AD4 /* Debug configuration for PBXNativeTarget "financialApp" */ = {
			isa = XCBuildConfiguration;
			buildSettings = {
				ASSETCATALOG_COMPILER_APPICON_NAME = AppIcon;
				ASSETCATALOG_COMPILER_GLOBAL_ACCENT_COLOR_NAME = AccentColor;
				CODE_SIGN_STYLE = Automatic;
				CURRENT_PROJECT_VERSION = 1;
				DEVELOPMENT_TEAM = 8KGUUJJ7BN;
				ENABLE_PREVIEWS = YES;
				GENERATE_INFOPLIST_FILE = YES;
				INFOPLIST_KEY_UIApplicationSceneManifest_Generation = YES;
				INFOPLIST_KEY_UIApplicationSupportsIndirectInputEvents = YES;
				INFOPLIST_KEY_UILaunchScreen_Generation = YES;
				INFOPLIST_KEY_UISupportedInterfaceOrientations_iPad = "UIInterfaceOrientationPortrait UIInterfaceOrientationPortraitUpsideDown UIInterfaceOrientationLandscapeLeft UIInterfaceOrientationLandscapeRight";
				INFOPLIST_KEY_UISupportedInterfaceOrientations_iPhone = "UIInterfaceOrientationPortrait UIInterfaceOrientationLandscapeLeft UIInterfaceOrientationLandscapeRight";
				LD_RUNPATH_SEARCH_PATHS = (
					"$(inherited)",
					"@executable_path/Frameworks",
				);
				MARKETING_VERSION = 1.0;
				PRODUCT_BUNDLE_IDENTIFIER = intelligencecore.financialApp;
				PRODUCT_NAME = "$(TARGET_NAME)";
				STRING_CATALOG_GENERATE_SYMBOLS = YES;
				SWIFT_APPROACHABLE_CONCURRENCY = YES;
				SWIFT_DEFAULT_ACTOR_ISOLATION = MainActor;
				SWIFT_EMIT_LOC_STRINGS = YES;
				SWIFT_UPCOMING_FEATURE_MEMBER_IMPORT_VISIBILITY = YES;
				SWIFT_VERSION = 5.0;
				TARGETED_DEVICE_FAMILY = "1,2";
			};
			name = Debug;
		};
		133BA755306227A800723AD4 /* Release configuration for PBXNativeTarget "financialApp" */ = {
			isa = XCBuildConfiguration;
			buildSettings = {
				ASSETCATALOG_COMPILER_APPICON_NAME = AppIcon;
				ASSETCATALOG_COMPILER_GLOBAL_ACCENT_COLOR_NAME = AccentColor;
				CODE_SIGN_STYLE = Automatic;
				CURRENT_PROJECT_VERSION = 1;
				DEVELOPMENT_TEAM = 8KGUUJJ7BN;
				ENABLE_PREVIEWS = YES;
				GENERATE_INFOPLIST_FILE = YES;
				INFOPLIST_KEY_UIApplicationSceneManifest_Generation = YES;
				INFOPLIST_KEY_UIApplicationSupportsIndirectInputEvents = YES;
				INFOPLIST_KEY_UILaunchScreen_Generation = YES;
				INFOPLIST_KEY_UISupportedInterfaceOrientations_iPad = "UIInterfaceOrientationPortrait UIInterfaceOrientationPortraitUpsideDown UIInterfaceOrientationLandscapeLeft UIInterfaceOrientationLandscapeRight";
				INFOPLIST_KEY_UISupportedInterfaceOrientations_iPhone = "UIInterfaceOrientationPortrait UIInterfaceOrientationLandscapeLeft UIInterfaceOrientationLandscapeRight";
				LD_RUNPATH_SEARCH_PATHS = (
					"$(inherited)",
					"@executable_path/Frameworks",
				);
				MARKETING_VERSION = 1.0;
				PRODUCT_BUNDLE_IDENTIFIER = intelligencecore.financialApp;
				PRODUCT_NAME = "$(TARGET_NAME)";
				STRING_CATALOG_GENERATE_SYMBOLS = YES;
				SWIFT_APPROACHABLE_CONCURRENCY = YES;
				SWIFT_DEFAULT_ACTOR_ISOLATION = MainActor;
				SWIFT_EMIT_LOC_STRINGS = YES;
				SWIFT_UPCOMING_FEATURE_MEMBER_IMPORT_VISIBILITY = YES;
				SWIFT_VERSION = 5.0;
				TARGETED_DEVICE_FAMILY = "1,2";
			};
			name = Release;
		};
		133BA757306227A800723AD4 /* Debug configuration for PBXNativeTarget "financialAppTests" */ = {
			isa = XCBuildConfiguration;
			buildSettings = {
				BUNDLE_LOADER = "$(TEST_HOST)";
				CODE_SIGN_STYLE = Automatic;
				CURRENT_PROJECT_VERSION = 1;
				DEVELOPMENT_TEAM = 8KGUUJJ7BN;
				GENERATE_INFOPLIST_FILE = YES;
				IPHONEOS_DEPLOYMENT_TARGET = 27.0;
				MARKETING_VERSION = 1.0;
				PRODUCT_BUNDLE_IDENTIFIER = intelligencecore.financialAppTests;
				PRODUCT_NAME = "$(TARGET_NAME)";
				STRING_CATALOG_GENERATE_SYMBOLS = NO;
				SWIFT_APPROACHABLE_CONCURRENCY = YES;
				SWIFT_EMIT_LOC_STRINGS = NO;
				SWIFT_UPCOMING_FEATURE_MEMBER_IMPORT_VISIBILITY = YES;
				SWIFT_VERSION = 5.0;
				TARGETED_DEVICE_FAMILY = "1,2";
				TEST_HOST = "$(BUILT_PRODUCTS_DIR)/financialApp.app/$(BUNDLE_EXECUTABLE_FOLDER_PATH)/financialApp";
			};
			name = Debug;
		};
		133BA758306227A800723AD4 /* Release configuration for PBXNativeTarget "financialAppTests" */ = {
			isa = XCBuildConfiguration;
			buildSettings = {
				BUNDLE_LOADER = "$(TEST_HOST)";
				CODE_SIGN_STYLE = Automatic;
				CURRENT_PROJECT_VERSION = 1;
				DEVELOPMENT_TEAM = 8KGUUJJ7BN;
				GENERATE_INFOPLIST_FILE = YES;
				IPHONEOS_DEPLOYMENT_TARGET = 27.0;
				MARKETING_VERSION = 1.0;
				PRODUCT_BUNDLE_IDENTIFIER = intelligencecore.financialAppTests;
				PRODUCT_NAME = "$(TARGET_NAME)";
				STRING_CATALOG_GENERATE_SYMBOLS = NO;
				SWIFT_APPROACHABLE_CONCURRENCY = YES;
				SWIFT_EMIT_LOC_STRINGS = NO;
				SWIFT_UPCOMING_FEATURE_MEMBER_IMPORT_VISIBILITY = YES;
				SWIFT_VERSION = 5.0;
				TARGETED_DEVICE_FAMILY = "1,2";
				TEST_HOST = "$(BUILT_PRODUCTS_DIR)/financialApp.app/$(BUNDLE_EXECUTABLE_FOLDER_PATH)/financialApp";
			};
			name = Release;
		};
		133BA75A306227A800723AD4 /* Debug configuration for PBXNativeTarget "financialAppUITests" */ = {
			isa = XCBuildConfiguration;
			buildSettings = {
				CODE_SIGN_STYLE = Automatic;
				CURRENT_PROJECT_VERSION = 1;
				DEVELOPMENT_TEAM = 8KGUUJJ7BN;
				GENERATE_INFOPLIST_FILE = YES;
				MARKETING_VERSION = 1.0;
				PRODUCT_BUNDLE_IDENTIFIER = intelligencecore.financialAppUITests;
				PRODUCT_NAME = "$(TARGET_NAME)";
				STRING_CATALOG_GENERATE_SYMBOLS = NO;
				SWIFT_APPROACHABLE_CONCURRENCY = YES;
				SWIFT_EMIT_LOC_STRINGS = NO;
				SWIFT_UPCOMING_FEATURE_MEMBER_IMPORT_VISIBILITY = YES;
				SWIFT_VERSION = 5.0;
				TARGETED_DEVICE_FAMILY = "1,2";
				TEST_TARGET_NAME = financialApp;
			};
			name = Debug;
		};
		133BA75B306227A800723AD4 /* Release configuration for PBXNativeTarget "financialAppUITests" */ = {
			isa = XCBuildConfiguration;
			buildSettings = {
				CODE_SIGN_STYLE = Automatic;
				CURRENT_PROJECT_VERSION = 1;
				DEVELOPMENT_TEAM = 8KGUUJJ7BN;
				GENERATE_INFOPLIST_FILE = YES;
				MARKETING_VERSION = 1.0;
				PRODUCT_BUNDLE_IDENTIFIER = intelligencecore.financialAppUITests;
				PRODUCT_NAME = "$(TARGET_NAME)";
				STRING_CATALOG_GENERATE_SYMBOLS = NO;
				SWIFT_APPROACHABLE_CONCURRENCY = YES;
				SWIFT_EMIT_LOC_STRINGS = NO;
				SWIFT_UPCOMING_FEATURE_MEMBER_IMPORT_VISIBILITY = YES;
				SWIFT_VERSION = 5.0;
				TARGETED_DEVICE_FAMILY = "1,2";
				TEST_TARGET_NAME = financialApp;
			};
			name = Release;
		};
/* End XCBuildConfiguration section */

/* Begin XCConfigurationList section */
		133BA72F306227A700723AD4 /* Build configuration list for PBXProject "financialApp" */ = {
			isa = XCConfigurationList;
			buildConfigurations = (
				133BA751306227A800723AD4 /* Debug configuration for PBXProject "financialApp" */,
				133BA752306227A800723AD4 /* Release configuration for PBXProject "financialApp" */,
			);
			defaultConfigurationName = Release;
		};
		133BA753306227A800723AD4 /* Build configuration list for PBXNativeTarget "financialApp" */ = {
			isa = XCConfigurationList;
			buildConfigurations = (
				133BA754306227A800723AD4 /* Debug configuration for PBXNativeTarget "financialApp" */,
				133BA755306227A800723AD4 /* Release configuration for PBXNativeTarget "financialApp" */,
			);
			defaultConfigurationName = Release;
		};
		133BA756306227A800723AD4 /* Build configuration list for PBXNativeTarget "financialAppTests" */ = {
			isa = XCConfigurationList;
			buildConfigurations = (
				133BA757306227A800723AD4 /* Debug configuration for PBXNativeTarget "financialAppTests" */,
				133BA758306227A800723AD4 /* Release configuration for PBXNativeTarget "financialAppTests" */,
			);
			defaultConfigurationName = Release;
		};
		133BA759306227A800723AD4 /* Build configuration list for PBXNativeTarget "financialAppUITests" */ = {
			isa = XCConfigurationList;
			buildConfigurations = (
				133BA75A306227A800723AD4 /* Debug configuration for PBXNativeTarget "financialAppUITests" */,
				133BA75B306227A800723AD4 /* Release configuration for PBXNativeTarget "financialAppUITests" */,
			);
			defaultConfigurationName = Release;
		};
/* End XCConfigurationList section */
	};
	rootObject = 133BA72C306227A700723AD4 /* Project object */;
	validationLevel = 1;
}
